{
  "name": "DUUIController",
  "lockfileVersion": 3,
  "requires": true,
  "packages": {
    "": {
      "devDependencies": {
        "@types/uuid": "^9.0.4"
      }
    },
    "node_modules/@types/uuid": {
      "version": "9.0.4",
      "resolved": "https://registry.npmjs.org/@types/uuid/-/uuid-9.0.4.tgz",
      "integrity": "sha512-zAuJWQflfx6dYJM62vna+Sn5aeSWhh3OB+wfUEACNcqUSc0AGc5JKl+ycL1vrH7frGTXhJchYjE1Hak8L819dA==",
      "dev": true
    }
  }
}
